
Microsoft Visual Studio Solution File, Format Version 12.00
# Visual Studio Version 17
VisualStudioVersion = 17.3.32819.101
MinimumVisualStudioVersion = 10.0.40219.1
Project("{FAE04EC0-301F-11D3-BF4B-00C04F79EFBC}") = "MinTrabajo", "MinTrabajo\MinTrabajo.csproj", "{F7C0853B-4A93-45CC-8D0A-EA99270B62B9}"
EndProject
Project("{FAE04EC0-301F-11D3-BF4B-00C04F79EFBC}") = "MinTrabajo.Datos", "MinTrabajo.Datos\MinTrabajo.Datos.csproj", "{2E0FB25B-69B4-4F70-8D46-A807E96C21FC}"
EndProject
Project("{FAE04EC0-301F-11D3-BF4B-00C04F79EFBC}") = "MinTrabajo.Aplicaciones", "MinTrabajo.Aplicaciones\MinTrabajo.Aplicaciones.csproj", "{45FF574B-69F6-4D53-8A5B-B3544C092FA0}"
EndProject
Project("{FAE04EC0-301F-11D3-BF4B-00C04F79EFBC}") = "MinTrabajo.Dominio", "MinTrabajo.Dominio\MinTrabajo.Dominio.csproj", "{C09DBBE1-F2C0-4391-B73E-1DDF731B77E2}"
EndProject
Global
	GlobalSection(SolutionConfigurationPlatforms) = preSolution
		Debug|Any CPU = Debug|Any CPU
		Release|Any CPU = Release|Any CPU
	EndGlobalSection
	GlobalSection(ProjectConfigurationPlatforms) = postSolution
		{F7C0853B-4A93-45CC-8D0A-EA99270B62B9}.Debug|Any CPU.ActiveCfg = Debug|Any CPU
		{F7C0853B-4A93-45CC-8D0A-EA99270B62B9}.Debug|Any CPU.Build.0 = Debug|Any CPU
		{F7C0853B-4A93-45CC-8D0A-EA99270B62B9}.Release|Any CPU.ActiveCfg = Release|Any CPU
		{F7C0853B-4A93-45CC-8D0A-EA99270B62B9}.Release|Any CPU.Build.0 = Release|Any CPU
		{2E0FB25B-69B4-4F70-8D46-A807E96C21FC}.Debug|Any CPU.ActiveCfg = Debug|Any CPU
		{2E0FB25B-69B4-4F70-8D46-A807E96C21FC}.Debug|Any CPU.Build.0 = Debug|Any CPU
		{2E0FB25B-69B4-4F70-8D46-A807E96C21FC}.Release|Any CPU.ActiveCfg = Release|Any CPU
		{2E0FB25B-69B4-4F70-8D46-A807E96C21FC}.Release|Any CPU.Build.0 = Release|Any CPU
		{45FF574B-69F6-4D53-8A5B-B3544C092FA0}.Debug|Any CPU.ActiveCfg = Debug|Any CPU
		{45FF574B-69F6-4D53-8A5B-B3544C092FA0}.Debug|Any CPU.Build.0 = Debug|Any CPU
		{45FF574B-69F6-4D53-8A5B-B3544C092FA0}.Release|Any CPU.ActiveCfg = Release|Any CPU
		{45FF574B-69F6-4D53-8A5B-B3544C092FA0}.Release|Any CPU.Build.0 = Release|Any CPU
		{C09DBBE1-F2C0-4391-B73E-1DDF731B77E2}.Debug|Any CPU.ActiveCfg = Debug|Any CPU
		{C09DBBE1-F2C0-4391-B73E-1DDF731B77E2}.Debug|Any CPU.Build.0 = Debug|Any CPU
		{C09DBBE1-F2C0-4391-B73E-1DDF731B77E2}.Release|Any CPU.ActiveCfg = Release|Any CPU
		{C09DBBE1-F2C0-4391-B73E-1DDF731B77E2}.Release|Any CPU.Build.0 = Release|Any CPU
	EndGlobalSection
	GlobalSection(SolutionProperties) = preSolution
		HideSolutionNode = FALSE
	EndGlobalSection
	GlobalSection(ExtensibilityGlobals) = postSolution
		SolutionGuid = {92E37F9A-6A2E-488D-A723-5AD35797BC4F}
	EndGlobalSection
EndGlobal
